# This file is generated by gogradle automatically, you should NEVER modify it manually.
---
apiVersion: "0.8.1"
dependencies:
  build:
  - urls:
    - "https://github.com/OneOfOne/xxhash.git"
    - "git@github.com:OneOfOne/xxhash.git"
    vcs: "git"
    name: "github.com/OneOfOne/xxhash"
    commit: "4e9e81466dc37c9fd94ce9ecf42020ef54112203"
    transitive: false
  - urls:
    - "https://github.com/Shopify/sarama.git"
    - "git@github.com:Shopify/sarama.git"
    vcs: "git"
    name: "github.com/Shopify/sarama"
    commit: "3b1b38866a79f06deddf0487d5c27ba0697ccd65"
    transitive: false
  - urls:
    - "https://github.com/armon/consul-api.git"
    - "git@github.com:armon/consul-api.git"
    vcs: "git"
    name: "github.com/armon/consul-api"
    commit: "dcfedd50ed5334f96adee43fc88518a4f095e15c"
    transitive: false
  - name: "github.com/beorn7/perks"
    host:
      name: "github.com/coreos/etcd"
      commit: "42ef97d6d55a4566f34961b3f47a81946c70eb7e"
      urls:
      - "https://github.com/coreos/etcd.git"
      - "git@github.com:coreos/etcd.git"
      vcs: "git"
    vendorPath: "vendor/github.com/beorn7/perks"
    transitive: false
  - name: "github.com/bgentry/speakeasy"
    host:
      name: "github.com/coreos/etcd"
      commit: "42ef97d6d55a4566f34961b3f47a81946c70eb7e"
      urls:
      - "https://github.com/coreos/etcd.git"
      - "git@github.com:coreos/etcd.git"
      vcs: "git"
    vendorPath: "vendor/github.com/bgentry/speakeasy"
    transitive: false
  - name: "github.com/coreos/bbolt"
    host:
      name: "github.com/coreos/etcd"
      commit: "42ef97d6d55a4566f34961b3f47a81946c70eb7e"
      urls:
      - "https://github.com/coreos/etcd.git"
      - "git@github.com:coreos/etcd.git"
      vcs: "git"
    vendorPath: "vendor/github.com/coreos/bbolt"
    transitive: false
  - urls:
    - "https://github.com/coreos/etcd.git"
    - "git@github.com:coreos/etcd.git"
    vcs: "git"
    name: "github.com/coreos/etcd"
    commit: "42ef97d6d55a4566f34961b3f47a81946c70eb7e"
    transitive: false
  - name: "github.com/coreos/go-semver"
    host:
      name: "github.com/coreos/etcd"
      commit: "42ef97d6d55a4566f34961b3f47a81946c70eb7e"
      urls:
      - "https://github.com/coreos/etcd.git"
      - "git@github.com:coreos/etcd.git"
      vcs: "git"
    vendorPath: "vendor/github.com/coreos/go-semver"
    transitive: false
  - name: "github.com/coreos/go-systemd"
    host:
      name: "github.com/coreos/etcd"
      commit: "42ef97d6d55a4566f34961b3f47a81946c70eb7e"
      urls:
      - "https://github.com/coreos/etcd.git"
      - "git@github.com:coreos/etcd.git"
      vcs: "git"
    vendorPath: "vendor/github.com/coreos/go-systemd"
    transitive: false
  - name: "github.com/coreos/pkg"
    host:
      name: "github.com/coreos/etcd"
      commit: "42ef97d6d55a4566f34961b3f47a81946c70eb7e"
      urls:
      - "https://github.com/coreos/etcd.git"
      - "git@github.com:coreos/etcd.git"
      vcs: "git"
    vendorPath: "vendor/github.com/coreos/pkg"
    transitive: false
  - name: "github.com/cpuguy83/go-md2man"
    host:
      name: "github.com/coreos/etcd"
      commit: "42ef97d6d55a4566f34961b3f47a81946c70eb7e"
      urls:
      - "https://github.com/coreos/etcd.git"
      - "git@github.com:coreos/etcd.git"
      vcs: "git"
    vendorPath: "vendor/github.com/cpuguy83/go-md2man"
    transitive: false
  - urls:
    - "https://github.com/davecgh/go-spew.git"
    - "git@github.com:davecgh/go-spew.git"
    vcs: "git"
    name: "github.com/davecgh/go-spew"
    commit: "346938d642f2ec3594ed81d874461961cd0faa76"
    subpackages:
    - "spew"
    transitive: false
  - name: "github.com/dgrijalva/jwt-go"
    host:
      name: "github.com/coreos/etcd"
      commit: "42ef97d6d55a4566f34961b3f47a81946c70eb7e"
      urls:
      - "https://github.com/coreos/etcd.git"
      - "git@github.com:coreos/etcd.git"
      vcs: "git"
    vendorPath: "vendor/github.com/dgrijalva/jwt-go"
    transitive: false
  - name: "github.com/dustin/go-humanize"
    host:
      name: "github.com/coreos/etcd"
      commit: "42ef97d6d55a4566f34961b3f47a81946c70eb7e"
      urls:
      - "https://github.com/coreos/etcd.git"
      - "git@github.com:coreos/etcd.git"
      vcs: "git"
    vendorPath: "vendor/github.com/dustin/go-humanize"
    transitive: false
  - urls:
    - "https://github.com/eapache/go-resiliency.git"
    - "git@github.com:eapache/go-resiliency.git"
    vcs: "git"
    name: "github.com/eapache/go-resiliency"
    commit: "6800482f2c813e689c88b7ed3282262385011890"
    subpackages:
    - "breaker"
    transitive: false
  - urls:
    - "https://github.com/eapache/go-xerial-snappy.git"
    - "git@github.com:eapache/go-xerial-snappy.git"
    vcs: "git"
    name: "github.com/eapache/go-xerial-snappy"
    commit: "bb955e01b9346ac19dc29eb16586c90ded99a98c"
    transitive: false
  - urls:
    - "https://github.com/eapache/queue.git"
    - "git@github.com:eapache/queue.git"
    vcs: "git"
    name: "github.com/eapache/queue"
    commit: "ded5959c0d4e360646dc9e9908cff48666781367"
    transitive: false
  - urls:
    - "https://github.com/fsnotify/fsnotify.git"
    - "git@github.com:fsnotify/fsnotify.git"
    vcs: "git"
    name: "github.com/fsnotify/fsnotify"
    commit: "629574ca2a5df945712d3079857300b5e4da0236"
    transitive: false
  - name: "github.com/ghodss/yaml"
    host:
      name: "github.com/coreos/etcd"
      commit: "42ef97d6d55a4566f34961b3f47a81946c70eb7e"
      urls:
      - "https://github.com/coreos/etcd.git"
      - "git@github.com:coreos/etcd.git"
      vcs: "git"
    vendorPath: "vendor/github.com/ghodss/yaml"
    transitive: false
  - name: "github.com/gogo/protobuf"
    host:
      name: "github.com/coreos/etcd"
      commit: "42ef97d6d55a4566f34961b3f47a81946c70eb7e"
      urls:
      - "https://github.com/coreos/etcd.git"
      - "git@github.com:coreos/etcd.git"
      vcs: "git"
    vendorPath: "vendor/github.com/gogo/protobuf"
    transitive: false
  - name: "github.com/golang/groupcache"
    host:
      name: "github.com/coreos/etcd"
      commit: "42ef97d6d55a4566f34961b3f47a81946c70eb7e"
      urls:
      - "https://github.com/coreos/etcd.git"
      - "git@github.com:coreos/etcd.git"
      vcs: "git"
    vendorPath: "vendor/github.com/golang/groupcache"
    transitive: false
  - name: "github.com/golang/protobuf"
    host:
      name: "github.com/coreos/etcd"
      commit: "42ef97d6d55a4566f34961b3f47a81946c70eb7e"
      urls:
      - "https://github.com/coreos/etcd.git"
      - "git@github.com:coreos/etcd.git"
      vcs: "git"
    vendorPath: "vendor/github.com/golang/protobuf"
    transitive: false
  - urls:
    - "https://github.com/golang/snappy.git"
    - "git@github.com:golang/snappy.git"
    vcs: "git"
    name: "github.com/golang/snappy"
    commit: "553a641470496b2327abcac10b36396bd98e45c9"
    transitive: false
  - name: "github.com/google/btree"
    host:
      name: "github.com/coreos/etcd"
      commit: "42ef97d6d55a4566f34961b3f47a81946c70eb7e"
      urls:
      - "https://github.com/coreos/etcd.git"
      - "git@github.com:coreos/etcd.git"
      vcs: "git"
    vendorPath: "vendor/github.com/google/btree"
    transitive: false
  - name: "github.com/gorilla/websocket"
    host:
      name: "github.com/coreos/etcd"
      commit: "42ef97d6d55a4566f34961b3f47a81946c70eb7e"
      urls:
      - "https://github.com/coreos/etcd.git"
      - "git@github.com:coreos/etcd.git"
      vcs: "git"
    vendorPath: "vendor/github.com/gorilla/websocket"
    transitive: false
  - name: "github.com/grpc-ecosystem/go-grpc-prometheus"
    host:
      name: "github.com/coreos/etcd"
      commit: "42ef97d6d55a4566f34961b3f47a81946c70eb7e"
      urls:
      - "https://github.com/coreos/etcd.git"
      - "git@github.com:coreos/etcd.git"
      vcs: "git"
    vendorPath: "vendor/github.com/grpc-ecosystem/go-grpc-prometheus"
    transitive: false
  - name: "github.com/grpc-ecosystem/grpc-gateway"
    host:
      name: "github.com/coreos/etcd"
      commit: "42ef97d6d55a4566f34961b3f47a81946c70eb7e"
      urls:
      - "https://github.com/coreos/etcd.git"
      - "git@github.com:coreos/etcd.git"
      vcs: "git"
    vendorPath: "vendor/github.com/grpc-ecosystem/grpc-gateway"
    transitive: false
  - urls:
    - "https://github.com/hashicorp/hcl.git"
    - "git@github.com:hashicorp/hcl.git"
    vcs: "git"
    name: "github.com/hashicorp/hcl"
    commit: "23c074d0eceb2b8a5bfdbb271ab780cde70f05a8"
    transitive: false
  - name: "github.com/inconshreveable/mousetrap"
    host:
      name: "github.com/coreos/etcd"
      commit: "42ef97d6d55a4566f34961b3f47a81946c70eb7e"
      urls:
      - "https://github.com/coreos/etcd.git"
      - "git@github.com:coreos/etcd.git"
      vcs: "git"
    vendorPath: "vendor/github.com/inconshreveable/mousetrap"
    transitive: false
  - name: "github.com/jonboulle/clockwork"
    host:
      name: "github.com/coreos/etcd"
      commit: "42ef97d6d55a4566f34961b3f47a81946c70eb7e"
      urls:
      - "https://github.com/coreos/etcd.git"
      - "git@github.com:coreos/etcd.git"
      vcs: "git"
    vendorPath: "vendor/github.com/jonboulle/clockwork"
    transitive: false
  - urls:
    - "https://github.com/julienschmidt/httprouter.git"
    - "git@github.com:julienschmidt/httprouter.git"
    vcs: "git"
    name: "github.com/julienschmidt/httprouter"
    commit: "e1b9828bc9e5904baec057a154c09ca40fe7fae0"
    transitive: false
  - urls:
    - "https://github.com/karrick/goswarm.git"
    - "git@github.com:karrick/goswarm.git"
    vcs: "git"
    name: "github.com/karrick/goswarm"
    commit: "f30b893aa41460885e674be9f82fd79190e0759a"
    transitive: false
  - urls:
    - "https://github.com/kr/fs.git"
    - "git@github.com:kr/fs.git"
    vcs: "git"
    name: "github.com/kr/fs"
    commit: "2788f0dbd16903de03cb8186e5c7d97b69ad387b"
    transitive: false
  - name: "github.com/kr/pty"
    host:
      name: "github.com/coreos/etcd"
      commit: "42ef97d6d55a4566f34961b3f47a81946c70eb7e"
      urls:
      - "https://github.com/coreos/etcd.git"
      - "git@github.com:coreos/etcd.git"
      vcs: "git"
    vendorPath: "vendor/github.com/kr/pty"
    transitive: false
  - urls:
    - "https://github.com/magiconair/properties.git"
    - "git@github.com:magiconair/properties.git"
    vcs: "git"
    name: "github.com/magiconair/properties"
    commit: "be5ece7dd465ab0765a9682137865547526d1dfb"
    transitive: false
  - name: "github.com/mattn/go-runewidth"
    host:
      name: "github.com/coreos/etcd"
      commit: "42ef97d6d55a4566f34961b3f47a81946c70eb7e"
      urls:
      - "https://github.com/coreos/etcd.git"
      - "git@github.com:coreos/etcd.git"
      vcs: "git"
    vendorPath: "vendor/github.com/mattn/go-runewidth"
    transitive: false
  - name: "github.com/matttproud/golang_protobuf_extensions"
    host:
      name: "github.com/coreos/etcd"
      commit: "42ef97d6d55a4566f34961b3f47a81946c70eb7e"
      urls:
      - "https://github.com/coreos/etcd.git"
      - "git@github.com:coreos/etcd.git"
      vcs: "git"
    vendorPath: "vendor/github.com/matttproud/golang_protobuf_extensions"
    transitive: false
  - urls:
    - "https://github.com/mitchellh/mapstructure.git"
    - "git@github.com:mitchellh/mapstructure.git"
    vcs: "git"
    name: "github.com/mitchellh/mapstructure"
    commit: "06020f85339e21b2478f756a78e295255ffa4d6a"
    transitive: false
  - name: "github.com/olekukonko/tablewriter"
    host:
      name: "github.com/coreos/etcd"
      commit: "42ef97d6d55a4566f34961b3f47a81946c70eb7e"
      urls:
      - "https://github.com/coreos/etcd.git"
      - "git@github.com:coreos/etcd.git"
      vcs: "git"
    vendorPath: "vendor/github.com/olekukonko/tablewriter"
    transitive: false
  - urls:
    - "https://github.com/pborman/uuid.git"
    - "git@github.com:pborman/uuid.git"
    vcs: "git"
    name: "github.com/pborman/uuid"
    commit: "e790cca94e6cc75c7064b1332e63811d4aae1a53"
    transitive: false
  - urls:
    - "https://github.com/pelletier/go-toml.git"
    - "git@github.com:pelletier/go-toml.git"
    vcs: "git"
    name: "github.com/pelletier/go-toml"
    commit: "16398bac157da96aa88f98a2df640c7f32af1da2"
    transitive: false
  - name: "github.com/petar/GoLLRB"
    host:
      name: "github.com/coreos/etcd"
      commit: "42ef97d6d55a4566f34961b3f47a81946c70eb7e"
      urls:
      - "https://github.com/coreos/etcd.git"
      - "git@github.com:coreos/etcd.git"
      vcs: "git"
    vendorPath: "vendor/github.com/petar/GoLLRB"
    transitive: false
  - urls:
    - "https://github.com/pierrec/lz4.git"
    - "git@github.com:pierrec/lz4.git"
    vcs: "git"
    name: "github.com/pierrec/lz4"
    commit: "08c27939df1bd95e881e2c2367a749964ad1fceb"
    transitive: false
  - urls:
    - "https://github.com/pierrec/xxHash.git"
    - "git@github.com:pierrec/xxHash.git"
    vcs: "git"
    name: "github.com/pierrec/xxHash"
    commit: "f051bb7f1d1aaf1b5a665d74fb6b0217712c69f7"
    subpackages:
    - "xxHash32"
    transitive: false
  - urls:
    - "https://github.com/pkg/errors.git"
    - "git@github.com:pkg/errors.git"
    vcs: "git"
    name: "github.com/pkg/errors"
    commit: "30136e27e2ac8d167177e8a583aa4c3fea5be833"
    transitive: false
  - urls:
    - "https://github.com/pkg/sftp.git"
    - "git@github.com:pkg/sftp.git"
    vcs: "git"
    name: "github.com/pkg/sftp"
    commit: "738e088bbd93f7080e538c2a1ca50fadfc5183c0"
    transitive: false
  - urls:
    - "https://github.com/pmezard/go-difflib.git"
    - "git@github.com:pmezard/go-difflib.git"
    vcs: "git"
    name: "github.com/pmezard/go-difflib"
    commit: "792786c7400a136282c1664665ae0a8db921c6c2"
    subpackages:
    - "difflib"
    transitive: false
  - name: "github.com/prometheus/client_golang"
    host:
      name: "github.com/coreos/etcd"
      commit: "42ef97d6d55a4566f34961b3f47a81946c70eb7e"
      urls:
      - "https://github.com/coreos/etcd.git"
      - "git@github.com:coreos/etcd.git"
      vcs: "git"
    vendorPath: "vendor/github.com/prometheus/client_golang"
    transitive: false
  - name: "github.com/prometheus/client_model"
    host:
      name: "github.com/coreos/etcd"
      commit: "42ef97d6d55a4566f34961b3f47a81946c70eb7e"
      urls:
      - "https://github.com/coreos/etcd.git"
      - "git@github.com:coreos/etcd.git"
      vcs: "git"
    vendorPath: "vendor/github.com/prometheus/client_model"
    transitive: false
  - name: "github.com/prometheus/common"
    host:
      name: "github.com/coreos/etcd"
      commit: "42ef97d6d55a4566f34961b3f47a81946c70eb7e"
      urls:
      - "https://github.com/coreos/etcd.git"
      - "git@github.com:coreos/etcd.git"
      vcs: "git"
    vendorPath: "vendor/github.com/prometheus/common"
    transitive: false
  - name: "github.com/prometheus/procfs"
    host:
      name: "github.com/coreos/etcd"
      commit: "42ef97d6d55a4566f34961b3f47a81946c70eb7e"
      urls:
      - "https://github.com/coreos/etcd.git"
      - "git@github.com:coreos/etcd.git"
      vcs: "git"
    vendorPath: "vendor/github.com/prometheus/procfs"
    transitive: false
  - urls:
    - "https://github.com/rcrowley/go-metrics.git"
    - "git@github.com:rcrowley/go-metrics.git"
    vcs: "git"
    name: "github.com/rcrowley/go-metrics"
    commit: "1f30fe9094a513ce4c700b9a54458bbb0c96996c"
    transitive: false
  - name: "github.com/russross/blackfriday"
    host:
      name: "github.com/coreos/etcd"
      commit: "42ef97d6d55a4566f34961b3f47a81946c70eb7e"
      urls:
      - "https://github.com/coreos/etcd.git"
      - "git@github.com:coreos/etcd.git"
      vcs: "git"
    vendorPath: "vendor/github.com/russross/blackfriday"
    transitive: false
  - urls:
    - "https://github.com/samuel/go-zookeeper.git"
    - "git@github.com:samuel/go-zookeeper.git"
    vcs: "git"
    name: "github.com/samuel/go-zookeeper"
    commit: "e6b59f6144beb8570562539c1898a0b1fea34b41"
    subpackages:
    - "zk"
    transitive: false
  - name: "github.com/sirupsen/logrus"
    host:
      name: "github.com/coreos/etcd"
      commit: "42ef97d6d55a4566f34961b3f47a81946c70eb7e"
      urls:
      - "https://github.com/coreos/etcd.git"
      - "git@github.com:coreos/etcd.git"
      vcs: "git"
    vendorPath: "vendor/github.com/sirupsen/logrus"
    transitive: false
  - name: "github.com/soheilhy/cmux"
    host:
      name: "github.com/coreos/etcd"
      commit: "42ef97d6d55a4566f34961b3f47a81946c70eb7e"
      urls:
      - "https://github.com/coreos/etcd.git"
      - "git@github.com:coreos/etcd.git"
      vcs: "git"
    vendorPath: "vendor/github.com/soheilhy/cmux"
    transitive: false
  - urls:
    - "https://github.com/spf13/afero.git"
    - "git@github.com:spf13/afero.git"
    vcs: "git"
    name: "github.com/spf13/afero"
    commit: "8d919cbe7e2627e417f3e45c3c0e489a5b7e2536"
    transitive: false
  - urls:
    - "https://github.com/spf13/cast.git"
    - "git@github.com:spf13/cast.git"
    vcs: "git"
    name: "github.com/spf13/cast"
    commit: "acbeb36b902d72a7a4c18e8f3241075e7ab763e4"
    transitive: false
  - name: "github.com/spf13/cobra"
    host:
      name: "github.com/coreos/etcd"
      commit: "42ef97d6d55a4566f34961b3f47a81946c70eb7e"
      urls:
      - "https://github.com/coreos/etcd.git"
      - "git@github.com:coreos/etcd.git"
      vcs: "git"
    vendorPath: "vendor/github.com/spf13/cobra"
    transitive: false
  - urls:
    - "https://github.com/spf13/jwalterweatherman.git"
    - "git@github.com:spf13/jwalterweatherman.git"
    vcs: "git"
    name: "github.com/spf13/jwalterweatherman"
    commit: "12bd96e66386c1960ab0f74ced1362f66f552f7b"
    transitive: false
  - urls:
    - "https://github.com/spf13/pflag.git"
    - "git@github.com:spf13/pflag.git"
    vcs: "git"
    name: "github.com/spf13/pflag"
    commit: "e57e3eeb33f795204c1ca35f56c44f83227c6e66"
    transitive: false
  - urls:
    - "https://github.com/spf13/viper.git"
    - "git@github.com:spf13/viper.git"
    vcs: "git"
    name: "github.com/spf13/viper"
    commit: "25b30aa063fc18e48662b86996252eabdcf2f0c7"
    transitive: false
  - urls:
    - "https://github.com/stathat/go.git"
    - "git@github.com:stathat/go.git"
    vcs: "git"
    name: "github.com/stathat/go"
    commit: "74669b9f388d9d788c97399a0824adbfee78400e"
    transitive: false
  - urls:
    - "https://github.com/stretchr/objx.git"
    - "git@github.com:stretchr/objx.git"
    vcs: "git"
    name: "github.com/stretchr/objx"
    commit: "1a9d0bb9f541897e62256577b352fdbc1fb4fd94"
    transitive: false
  - urls:
    - "https://github.com/stretchr/testify.git"
    - "git@github.com:stretchr/testify.git"
    vcs: "git"
    name: "github.com/stretchr/testify"
    commit: "2aa2c176b9dab406a6970f6a55f513e8a8c8b18f"
    subpackages:
    - "assert"
    - "mock"
    transitive: false
  - name: "github.com/tmc/grpc-websocket-proxy"
    host:
      name: "github.com/coreos/etcd"
      commit: "42ef97d6d55a4566f34961b3f47a81946c70eb7e"
      urls:
      - "https://github.com/coreos/etcd.git"
      - "git@github.com:coreos/etcd.git"
      vcs: "git"
    vendorPath: "vendor/github.com/tmc/grpc-websocket-proxy"
    transitive: false
  - name: "github.com/ugorji/go"
    host:
      name: "github.com/coreos/etcd"
      commit: "42ef97d6d55a4566f34961b3f47a81946c70eb7e"
      urls:
      - "https://github.com/coreos/etcd.git"
      - "git@github.com:coreos/etcd.git"
      vcs: "git"
    vendorPath: "vendor/github.com/ugorji/go"
    transitive: false
  - name: "github.com/urfave/cli"
    host:
      name: "github.com/coreos/etcd"
      commit: "42ef97d6d55a4566f34961b3f47a81946c70eb7e"
      urls:
      - "https://github.com/coreos/etcd.git"
      - "git@github.com:coreos/etcd.git"
      vcs: "git"
    vendorPath: "vendor/github.com/urfave/cli"
    transitive: false
  - name: "github.com/xiang90/probing"
    host:
      name: "github.com/coreos/etcd"
      commit: "42ef97d6d55a4566f34961b3f47a81946c70eb7e"
      urls:
      - "https://github.com/coreos/etcd.git"
      - "git@github.com:coreos/etcd.git"
      vcs: "git"
    vendorPath: "vendor/github.com/xiang90/probing"
    transitive: false
  - urls:
    - "https://github.com/xordataexchange/crypt.git"
    - "git@github.com:xordataexchange/crypt.git"
    vcs: "git"
    name: "github.com/xordataexchange/crypt"
    commit: "b2862e3d0a775f18c7cfe02273500ae307b61218"
    transitive: false
  - vcs: "git"
    name: "go.uber.org/atomic"
    commit: "4e336646b2ef9fc6e47be8e21594178f98e5ebcf"
    url: "https://github.com/uber-go/atomic"
    transitive: false
  - vcs: "git"
    name: "go.uber.org/multierr"
    commit: "3c4937480c32f4c13a875a1829af76c98ca3d40a"
    url: "https://github.com/uber-go/multierr"
    transitive: false
  - vcs: "git"
    name: "go.uber.org/zap"
    commit: "35aad584952c3e7020db7b839f6b102de6271f89"
    url: "https://github.com/uber-go/zap"
    transitive: false
  - vcs: "git"
    name: "golang.org/x/crypto"
    commit: "1875d0a70c90e57f11972aefd42276df65e895b9"
    url: "https://go.googlesource.com/crypto"
    transitive: false
  - name: "golang.org/x/net"
    host:
      name: "github.com/coreos/etcd"
      commit: "42ef97d6d55a4566f34961b3f47a81946c70eb7e"
      urls:
      - "https://github.com/coreos/etcd.git"
      - "git@github.com:coreos/etcd.git"
      vcs: "git"
    vendorPath: "vendor/golang.org/x/net"
    transitive: false
  - vcs: "git"
    name: "golang.org/x/sys"
    commit: "bf42f188b9bc6f2cf5b8ee5a912ef1aedd0eba4c"
    subpackages:
    - "unix"
    url: "https://go.googlesource.com/sys"
    transitive: false
  - vcs: "git"
    name: "golang.org/x/text"
    commit: "88f656faf3f37f690df1a32515b479415e1a6769"
    subpackages:
    - "internal/gen"
    - "internal/triegen"
    - "internal/ucd"
    - "transform"
    - "unicode/cldr"
    - "unicode/norm"
    url: "https://go.googlesource.com/text"
    transitive: false
  - name: "golang.org/x/time"
    host:
      name: "github.com/coreos/etcd"
      commit: "42ef97d6d55a4566f34961b3f47a81946c70eb7e"
      urls:
      - "https://github.com/coreos/etcd.git"
      - "git@github.com:coreos/etcd.git"
      vcs: "git"
    vendorPath: "vendor/golang.org/x/time"
    transitive: false
  - name: "google.golang.org/genproto"
    host:
      name: "github.com/coreos/etcd"
      commit: "42ef97d6d55a4566f34961b3f47a81946c70eb7e"
      urls:
      - "https://github.com/coreos/etcd.git"
      - "git@github.com:coreos/etcd.git"
      vcs: "git"
    vendorPath: "vendor/google.golang.org/genproto"
    transitive: false
  - name: "google.golang.org/grpc"
    host:
      name: "github.com/coreos/etcd"
      commit: "42ef97d6d55a4566f34961b3f47a81946c70eb7e"
      urls:
      - "https://github.com/coreos/etcd.git"
      - "git@github.com:coreos/etcd.git"
      vcs: "git"
    vendorPath: "vendor/google.golang.org/grpc"
    transitive: false
  - name: "gopkg.in/cheggaaa/pb.v1"
    host:
      name: "github.com/coreos/etcd"
      commit: "42ef97d6d55a4566f34961b3f47a81946c70eb7e"
      urls:
      - "https://github.com/coreos/etcd.git"
      - "git@github.com:coreos/etcd.git"
      vcs: "git"
    vendorPath: "vendor/gopkg.in/cheggaaa/pb.v1"
    transitive: false
  - vcs: "git"
    name: "gopkg.in/natefinch/lumberjack.v2"
    commit: "a96e63847dc3c67d17befa69c303767e2f84e54f"
    url: "https://gopkg.in/natefinch/lumberjack.v2"
    transitive: false
  - vcs: "git"
    name: "gopkg.in/yaml.v2"
    commit: "eb3733d160e74a9c7e442f435eb3bea458e1d19f"
    url: "https://gopkg.in/yaml.v2"
    transitive: false
  test: []
